Microsoft Visual Studio Solution File, Format Version 12.00
# Visual Studio Version 17
VisualStudioVersion = 17.5.2.0
MinimumVisualStudioVersion = 10.0.40219.1
Project("{FAE04EC0-301F-11D3-BF4B-00C04F79EFBC}") = "HackathonT2S", "Back-end\HackathonT2S.csproj", "{F06E9CA1-E95D-4E7B-D639-A7AA62E2F412}"
EndProject
Global
	GlobalSection(SolutionConfigurationPlatforms) = preSolution
		Debug|Any CPU = Debug|Any CPU
		Release|Any CPU = Release|Any CPU
	EndGlobalSection
	GlobalSection(ProjectConfigurationPlatforms) = postSolution
		{F06E9CA1-E95D-4E7B-D639-A7AA62E2F412}.Debug|Any CPU.ActiveCfg = Debug|Any CPU
		{F06E9CA1-E95D-4E7B-D639-A7AA62E2F412}.Debug|Any CPU.Build.0 = Debug|Any CPU
		{F06E9CA1-E95D-4E7B-D639-A7AA62E2F412}.Release|Any CPU.ActiveCfg = Release|Any CPU
		{F06E9CA1-E95D-4E7B-D639-A7AA62E2F412}.Release|Any CPU.Build.0 = Release|Any CPU
	EndGlobalSection
	GlobalSection(SolutionProperties) = preSolution
		HideSolutionNode = FALSE
	EndGlobalSection
	GlobalSection(ExtensibilityGlobals) = postSolution
		SolutionGuid = {56E602B7-51D5-4C03-BF90-5F98B4427868}
	EndGlobalSection
EndGlobal
